# THIS IS AN AUTOGENERATED FILE. DO NOT EDIT THIS FILE DIRECTLY.
# yarn lockfile v1


date-fns-tz@^1.0.10:
  version "1.0.10"
  resolved "https://registry.yarnpkg.com/date-fns-tz/-/date-fns-tz-1.0.10.tgz#30fef0038f80534fddd8e133a6b8ca55ba313748"
  integrity sha512-cHQAz0/9uDABaUNDM80Mj1FL4ODlxs1xEY4b0DQuAooO2UdNKvDkNbV8ogLnxLbv02Ru1HXFcot0pVvDRBgptg==

date-fns@^2.13.0:
  version "2.13.0"
  resolved "https://registry.yarnpkg.com/date-fns/-/date-fns-2.13.0.tgz#d7b8a0a2d392e8d88a8024d0a46b980bbfdbd708"
  integrity sha512-xm0c61mevGF7f0XpCGtDTGpzEFC/1fpLXHbmFpxZZQJuvByIK2ozm6cSYuU+nxFYOPh2EuCfzUwlTEFwKG+h5w==
